
Microsoft Visual Studio Solution File, Format Version 12.00
# Visual Studio Version 17
VisualStudioVersion = 17.2.32630.192
MinimumVisualStudioVersion = 10.0.40219.1
Project("{9A19103F-16F7-4668-BE54-9A1E7A4F7556}") = "EmployeeTestProject", "EmployeeTestProject\EmployeeTestProject.csproj", "{AA196C19-6B7A-4E76-A9C2-3C3D1EBD1031}"
EndProject
Project("{FAE04EC0-301F-11D3-BF4B-00C04F79EFBC}") = "EmployeeUnitTest", "..\..\Kartik\EmployeeUnitTest\EmployeeUnitTest.csproj", "{3BA18C3F-DDBC-4DC5-9509-10C0D27C971A}"
EndProject
Global
	GlobalSection(SolutionConfigurationPlatforms) = preSolution
		Debug|Any CPU = Debug|Any CPU
		Release|Any CPU = Release|Any CPU
	EndGlobalSection
	GlobalSection(ProjectConfigurationPlatforms) = postSolution
		{AA196C19-6B7A-4E76-A9C2-3C3D1EBD1031}.Debug|Any CPU.ActiveCfg = Debug|Any CPU
		{AA196C19-6B7A-4E76-A9C2-3C3D1EBD1031}.Debug|Any CPU.Build.0 = Debug|Any CPU
		{AA196C19-6B7A-4E76-A9C2-3C3D1EBD1031}.Release|Any CPU.ActiveCfg = Release|Any CPU
		{AA196C19-6B7A-4E76-A9C2-3C3D1EBD1031}.Release|Any CPU.Build.0 = Release|Any CPU
		{3BA18C3F-DDBC-4DC5-9509-10C0D27C971A}.Debug|Any CPU.ActiveCfg = Debug|Any CPU
		{3BA18C3F-DDBC-4DC5-9509-10C0D27C971A}.Debug|Any CPU.Build.0 = Debug|Any CPU
		{3BA18C3F-DDBC-4DC5-9509-10C0D27C971A}.Release|Any CPU.ActiveCfg = Release|Any CPU
		{3BA18C3F-DDBC-4DC5-9509-10C0D27C971A}.Release|Any CPU.Build.0 = Release|Any CPU
	EndGlobalSection
	GlobalSection(SolutionProperties) = preSolution
		HideSolutionNode = FALSE
	EndGlobalSection
	GlobalSection(ExtensibilityGlobals) = postSolution
		SolutionGuid = {9B959C16-8FA2-454A-BE7E-F418F7F7B520}
	EndGlobalSection
EndGlobal
